
Microsoft Visual Studio Solution File, Format Version 12.00
# Visual Studio Version 16
VisualStudioVersion = 16.0.29920.165
MinimumVisualStudioVersion = 10.0.40219.1
Project("{FAE04EC0-301F-11D3-BF4B-00C04F79EFBC}") = "BOB프로젝트 프로토타입-서버", "BOB프로젝트 프로토타입\BOB프로젝트 프로토타입-서버.csproj", "{C8DD39C5-3DB5-4619-B0DC-EEE13482F4B8}"
EndProject
Project("{FAE04EC0-301F-11D3-BF4B-00C04F79EFBC}") = "BOB프로젝트 프로토타입-개인", "BOB프로젝트 프로토타입-개인\BOB프로젝트 프로토타입-개인.csproj", "{ECF95FD3-CB0D-468A-AC49-A2A92A1A1489}"
EndProject
Project("{FAE04EC0-301F-11D3-BF4B-00C04F79EFBC}") = "BOB프로젝트 프로토타입-점포", "BOB프로젝트 프로토타입-점포\BOB프로젝트 프로토타입-점포.csproj", "{1D7BDC7C-BE8C-47FA-8BD3-351DF61ADB45}"
EndProject
Global
	GlobalSection(SolutionConfigurationPlatforms) = preSolution
		Debug|Any CPU = Debug|Any CPU
		Release|Any CPU = Release|Any CPU
	EndGlobalSection
	GlobalSection(ProjectConfigurationPlatforms) = postSolution
		{C8DD39C5-3DB5-4619-B0DC-EEE13482F4B8}.Debug|Any CPU.ActiveCfg = Debug|Any CPU
		{C8DD39C5-3DB5-4619-B0DC-EEE13482F4B8}.Debug|Any CPU.Build.0 = Debug|Any CPU
		{C8DD39C5-3DB5-4619-B0DC-EEE13482F4B8}.Release|Any CPU.ActiveCfg = Release|Any CPU
		{C8DD39C5-3DB5-4619-B0DC-EEE13482F4B8}.Release|Any CPU.Build.0 = Release|Any CPU
		{ECF95FD3-CB0D-468A-AC49-A2A92A1A1489}.Debug|Any CPU.ActiveCfg = Debug|Any CPU
		{ECF95FD3-CB0D-468A-AC49-A2A92A1A1489}.Debug|Any CPU.Build.0 = Debug|Any CPU
		{ECF95FD3-CB0D-468A-AC49-A2A92A1A1489}.Release|Any CPU.ActiveCfg = Release|Any CPU
		{ECF95FD3-CB0D-468A-AC49-A2A92A1A1489}.Release|Any CPU.Build.0 = Release|Any CPU
		{1D7BDC7C-BE8C-47FA-8BD3-351DF61ADB45}.Debug|Any CPU.ActiveCfg = Debug|Any CPU
		{1D7BDC7C-BE8C-47FA-8BD3-351DF61ADB45}.Debug|Any CPU.Build.0 = Debug|Any CPU
		{1D7BDC7C-BE8C-47FA-8BD3-351DF61ADB45}.Release|Any CPU.ActiveCfg = Release|Any CPU
		{1D7BDC7C-BE8C-47FA-8BD3-351DF61ADB45}.Release|Any CPU.Build.0 = Release|Any CPU
	EndGlobalSection
	GlobalSection(SolutionProperties) = preSolution
		HideSolutionNode = FALSE
	EndGlobalSection
	GlobalSection(ExtensibilityGlobals) = postSolution
		SolutionGuid = {E5533B12-4855-42CB-B55F-AA717E6AB8B5}
	EndGlobalSection
EndGlobal
